
Microsoft Visual Studio Solution File, Format Version 12.00
# Visual Studio Version 17
VisualStudioVersion = 17.8.34525.116
MinimumVisualStudioVersion = 10.0.40219.1
Project("{9A19103F-16F7-4668-BE54-9A1E7A4F7556}") = "MARKETING.API", "MARKETING.API\MARKETING.API.csproj", "{4B3B548F-2816-4FCB-99FE-5009EE09F51C}"
EndProject
Project("{9A19103F-16F7-4668-BE54-9A1E7A4F7556}") = "INITERNAL.API", "INITERNAL.API\INITERNAL.API.csproj", "{68DE73F4-AB1A-44D3-BCE9-4206328DEEB6}"
EndProject
Project("{9A19103F-16F7-4668-BE54-9A1E7A4F7556}") = "Aplication", "Aplication\Aplication.csproj", "{A1DDCEBB-367A-4541-9637-555C0A5F1B85}"
	ProjectSection(ProjectDependencies) = postProject
		{3D78A9CE-7F1D-44A6-994E-9C29FE92313B} = {3D78A9CE-7F1D-44A6-994E-9C29FE92313B}
		{EDB482CF-53EA-4025-8AE6-B20517918522} = {EDB482CF-53EA-4025-8AE6-B20517918522}
	EndProjectSection
EndProject
Project("{9A19103F-16F7-4668-BE54-9A1E7A4F7556}") = "Domain", "Domain\Domain.csproj", "{3D78A9CE-7F1D-44A6-994E-9C29FE92313B}"
EndProject
Project("{9A19103F-16F7-4668-BE54-9A1E7A4F7556}") = "Infrastruture", "Infrastruture\Infrastruture.csproj", "{EDB482CF-53EA-4025-8AE6-B20517918522}"
	ProjectSection(ProjectDependencies) = postProject
		{3D78A9CE-7F1D-44A6-994E-9C29FE92313B} = {3D78A9CE-7F1D-44A6-994E-9C29FE92313B}
	EndProjectSection
EndProject
Project("{2150E333-8FDC-42A3-9474-1A3956D46DE8}") = "Getway", "Getway", "{42FDD22A-56D1-4C5A-AAC1-201974429B7A}"
EndProject
Project("{2150E333-8FDC-42A3-9474-1A3956D46DE8}") = "src", "src", "{8EBBEC6A-0287-4B52-AA4E-043D527B35C5}"
EndProject
Project("{2150E333-8FDC-42A3-9474-1A3956D46DE8}") = "Internal", "Internal", "{8B92970F-06A2-40EC-82C7-A8B3D6D0FD1D}"
EndProject
Project("{2150E333-8FDC-42A3-9474-1A3956D46DE8}") = "Marketing", "Marketing", "{4F2D2D18-7C4C-4226-81B9-6BD0AE81C206}"
EndProject
Project("{9A19103F-16F7-4668-BE54-9A1E7A4F7556}") = "Application.Marketing", "Application\Application.Marketing.csproj", "{58624F2A-0473-47AE-ACB8-26CA4AE5C10C}"
EndProject
Project("{9A19103F-16F7-4668-BE54-9A1E7A4F7556}") = "Domain.Mraketing", "Domain.Mraketing\Domain.Mraketing.csproj", "{C21512BE-AC15-4B93-B771-C3DBD9AA8DF6}"
EndProject
Project("{9A19103F-16F7-4668-BE54-9A1E7A4F7556}") = "Infastructure.Marketing", "Infastructure.Marketing\Infastructure.Marketing.csproj", "{1B016B8F-843F-477B-A4CD-E0AF2A899417}"
EndProject
Project("{9A19103F-16F7-4668-BE54-9A1E7A4F7556}") = "ReversePoxy", "ReversePoxy\ReversePoxy.csproj", "{AA514C62-D1D8-4D34-A2AD-2B9064971340}"
EndProject
Project("{9A19103F-16F7-4668-BE54-9A1E7A4F7556}") = "Redislibrary", "Redislibrary\Redislibrary.csproj", "{A117BD35-D25E-4806-9F2D-47CCC7620530}"
EndProject
Global
	GlobalSection(SolutionConfigurationPlatforms) = preSolution
		Debug|Any CPU = Debug|Any CPU
		Release|Any CPU = Release|Any CPU
	EndGlobalSection
	GlobalSection(ProjectConfigurationPlatforms) = postSolution
		{4B3B548F-2816-4FCB-99FE-5009EE09F51C}.Debug|Any CPU.ActiveCfg = Debug|Any CPU
		{4B3B548F-2816-4FCB-99FE-5009EE09F51C}.Debug|Any CPU.Build.0 = Debug|Any CPU
		{4B3B548F-2816-4FCB-99FE-5009EE09F51C}.Release|Any CPU.ActiveCfg = Release|Any CPU
		{4B3B548F-2816-4FCB-99FE-5009EE09F51C}.Release|Any CPU.Build.0 = Release|Any CPU
		{68DE73F4-AB1A-44D3-BCE9-4206328DEEB6}.Debug|Any CPU.ActiveCfg = Debug|Any CPU
		{68DE73F4-AB1A-44D3-BCE9-4206328DEEB6}.Debug|Any CPU.Build.0 = Debug|Any CPU
		{68DE73F4-AB1A-44D3-BCE9-4206328DEEB6}.Release|Any CPU.ActiveCfg = Release|Any CPU
		{68DE73F4-AB1A-44D3-BCE9-4206328DEEB6}.Release|Any CPU.Build.0 = Release|Any CPU
		{A1DDCEBB-367A-4541-9637-555C0A5F1B85}.Debug|Any CPU.ActiveCfg = Debug|Any CPU
		{A1DDCEBB-367A-4541-9637-555C0A5F1B85}.Debug|Any CPU.Build.0 = Debug|Any CPU
		{A1DDCEBB-367A-4541-9637-555C0A5F1B85}.Release|Any CPU.ActiveCfg = Release|Any CPU
		{A1DDCEBB-367A-4541-9637-555C0A5F1B85}.Release|Any CPU.Build.0 = Release|Any CPU
		{3D78A9CE-7F1D-44A6-994E-9C29FE92313B}.Debug|Any CPU.ActiveCfg = Debug|Any CPU
		{3D78A9CE-7F1D-44A6-994E-9C29FE92313B}.Debug|Any CPU.Build.0 = Debug|Any CPU
		{3D78A9CE-7F1D-44A6-994E-9C29FE92313B}.Release|Any CPU.ActiveCfg = Release|Any CPU
		{3D78A9CE-7F1D-44A6-994E-9C29FE92313B}.Release|Any CPU.Build.0 = Release|Any CPU
		{EDB482CF-53EA-4025-8AE6-B20517918522}.Debug|Any CPU.ActiveCfg = Debug|Any CPU
		{EDB482CF-53EA-4025-8AE6-B20517918522}.Debug|Any CPU.Build.0 = Debug|Any CPU
		{EDB482CF-53EA-4025-8AE6-B20517918522}.Release|Any CPU.ActiveCfg = Release|Any CPU
		{EDB482CF-53EA-4025-8AE6-B20517918522}.Release|Any CPU.Build.0 = Release|Any CPU
		{58624F2A-0473-47AE-ACB8-26CA4AE5C10C}.Debug|Any CPU.ActiveCfg = Debug|Any CPU
		{58624F2A-0473-47AE-ACB8-26CA4AE5C10C}.Debug|Any CPU.Build.0 = Debug|Any CPU
		{58624F2A-0473-47AE-ACB8-26CA4AE5C10C}.Release|Any CPU.ActiveCfg = Release|Any CPU
		{58624F2A-0473-47AE-ACB8-26CA4AE5C10C}.Release|Any CPU.Build.0 = Release|Any CPU
		{C21512BE-AC15-4B93-B771-C3DBD9AA8DF6}.Debug|Any CPU.ActiveCfg = Debug|Any CPU
		{C21512BE-AC15-4B93-B771-C3DBD9AA8DF6}.Debug|Any CPU.Build.0 = Debug|Any CPU
		{C21512BE-AC15-4B93-B771-C3DBD9AA8DF6}.Release|Any CPU.ActiveCfg = Release|Any CPU
		{C21512BE-AC15-4B93-B771-C3DBD9AA8DF6}.Release|Any CPU.Build.0 = Release|Any CPU
		{1B016B8F-843F-477B-A4CD-E0AF2A899417}.Debug|Any CPU.ActiveCfg = Debug|Any CPU
		{1B016B8F-843F-477B-A4CD-E0AF2A899417}.Debug|Any CPU.Build.0 = Debug|Any CPU
		{1B016B8F-843F-477B-A4CD-E0AF2A899417}.Release|Any CPU.ActiveCfg = Release|Any CPU
		{1B016B8F-843F-477B-A4CD-E0AF2A899417}.Release|Any CPU.Build.0 = Release|Any CPU
		{AA514C62-D1D8-4D34-A2AD-2B9064971340}.Debug|Any CPU.ActiveCfg = Debug|Any CPU
		{AA514C62-D1D8-4D34-A2AD-2B9064971340}.Debug|Any CPU.Build.0 = Debug|Any CPU
		{AA514C62-D1D8-4D34-A2AD-2B9064971340}.Release|Any CPU.ActiveCfg = Release|Any CPU
		{AA514C62-D1D8-4D34-A2AD-2B9064971340}.Release|Any CPU.Build.0 = Release|Any CPU
		{A117BD35-D25E-4806-9F2D-47CCC7620530}.Debug|Any CPU.ActiveCfg = Debug|Any CPU
		{A117BD35-D25E-4806-9F2D-47CCC7620530}.Debug|Any CPU.Build.0 = Debug|Any CPU
		{A117BD35-D25E-4806-9F2D-47CCC7620530}.Release|Any CPU.ActiveCfg = Release|Any CPU
		{A117BD35-D25E-4806-9F2D-47CCC7620530}.Release|Any CPU.Build.0 = Release|Any CPU
	EndGlobalSection
	GlobalSection(SolutionProperties) = preSolution
		HideSolutionNode = FALSE
	EndGlobalSection
	GlobalSection(NestedProjects) = preSolution
		{4B3B548F-2816-4FCB-99FE-5009EE09F51C} = {4F2D2D18-7C4C-4226-81B9-6BD0AE81C206}
		{68DE73F4-AB1A-44D3-BCE9-4206328DEEB6} = {8B92970F-06A2-40EC-82C7-A8B3D6D0FD1D}
		{A1DDCEBB-367A-4541-9637-555C0A5F1B85} = {8B92970F-06A2-40EC-82C7-A8B3D6D0FD1D}
		{3D78A9CE-7F1D-44A6-994E-9C29FE92313B} = {8B92970F-06A2-40EC-82C7-A8B3D6D0FD1D}
		{EDB482CF-53EA-4025-8AE6-B20517918522} = {8B92970F-06A2-40EC-82C7-A8B3D6D0FD1D}
		{8B92970F-06A2-40EC-82C7-A8B3D6D0FD1D} = {8EBBEC6A-0287-4B52-AA4E-043D527B35C5}
		{4F2D2D18-7C4C-4226-81B9-6BD0AE81C206} = {8EBBEC6A-0287-4B52-AA4E-043D527B35C5}
		{58624F2A-0473-47AE-ACB8-26CA4AE5C10C} = {4F2D2D18-7C4C-4226-81B9-6BD0AE81C206}
		{C21512BE-AC15-4B93-B771-C3DBD9AA8DF6} = {4F2D2D18-7C4C-4226-81B9-6BD0AE81C206}
		{1B016B8F-843F-477B-A4CD-E0AF2A899417} = {4F2D2D18-7C4C-4226-81B9-6BD0AE81C206}
		{AA514C62-D1D8-4D34-A2AD-2B9064971340} = {42FDD22A-56D1-4C5A-AAC1-201974429B7A}
		{A117BD35-D25E-4806-9F2D-47CCC7620530} = {8EBBEC6A-0287-4B52-AA4E-043D527B35C5}
	EndGlobalSection
	GlobalSection(ExtensibilityGlobals) = postSolution
		SolutionGuid = {3A2082A0-B41A-4565-96BC-7705B9CF2709}
	EndGlobalSection
EndGlobal
